
Microsoft Visual Studio Solution File, Format Version 12.00
# Visual Studio Version 16
VisualStudioVersion = 16.0.30011.22
MinimumVisualStudioVersion = 10.0.40219.1
Project("{FAE04EC0-301F-11D3-BF4B-00C04F79EFBC}") = "BonusCard.WebAPI", "BonusCard.WebAPI\BonusCard.WebAPI.csproj", "{A19225CE-9CE7-451A-96DC-29D4A0927094}"
EndProject
Project("{FAE04EC0-301F-11D3-BF4B-00C04F79EFBC}") = "BonusCard.DataAccess", "BonusCard.DataAccess\BonusCard.DataAccess.csproj", "{0570C5F7-A0B8-4951-8ECE-85F2F48B0535}"
EndProject
Project("{FAE04EC0-301F-11D3-BF4B-00C04F79EFBC}") = "BonusCard.ApplicationServices", "BonusCard.ApplicationServices\BonusCard.ApplicationServices.csproj", "{EAC3DCBF-4F53-4AFC-BF77-3A2583F1F883}"
EndProject
Project("{FAE04EC0-301F-11D3-BF4B-00C04F79EFBC}") = "BonusCard.ApplicationServicesTests", "BonusCard.ApplicationServicesTests\BonusCard.ApplicationServicesTests.csproj", "{A02E2FDC-C457-4F7E-9CCF-F79D9ED3E21C}"
EndProject
Global
	GlobalSection(SolutionConfigurationPlatforms) = preSolution
		Debug|Any CPU = Debug|Any CPU
		Release|Any CPU = Release|Any CPU
	EndGlobalSection
	GlobalSection(ProjectConfigurationPlatforms) = postSolution
		{A19225CE-9CE7-451A-96DC-29D4A0927094}.Debug|Any CPU.ActiveCfg = Debug|Any CPU
		{A19225CE-9CE7-451A-96DC-29D4A0927094}.Debug|Any CPU.Build.0 = Debug|Any CPU
		{A19225CE-9CE7-451A-96DC-29D4A0927094}.Release|Any CPU.ActiveCfg = Release|Any CPU
		{A19225CE-9CE7-451A-96DC-29D4A0927094}.Release|Any CPU.Build.0 = Release|Any CPU
		{0570C5F7-A0B8-4951-8ECE-85F2F48B0535}.Debug|Any CPU.ActiveCfg = Debug|Any CPU
		{0570C5F7-A0B8-4951-8ECE-85F2F48B0535}.Debug|Any CPU.Build.0 = Debug|Any CPU
		{0570C5F7-A0B8-4951-8ECE-85F2F48B0535}.Release|Any CPU.ActiveCfg = Release|Any CPU
		{0570C5F7-A0B8-4951-8ECE-85F2F48B0535}.Release|Any CPU.Build.0 = Release|Any CPU
		{EAC3DCBF-4F53-4AFC-BF77-3A2583F1F883}.Debug|Any CPU.ActiveCfg = Debug|Any CPU
		{EAC3DCBF-4F53-4AFC-BF77-3A2583F1F883}.Debug|Any CPU.Build.0 = Debug|Any CPU
		{EAC3DCBF-4F53-4AFC-BF77-3A2583F1F883}.Release|Any CPU.ActiveCfg = Release|Any CPU
		{EAC3DCBF-4F53-4AFC-BF77-3A2583F1F883}.Release|Any CPU.Build.0 = Release|Any CPU
		{A02E2FDC-C457-4F7E-9CCF-F79D9ED3E21C}.Debug|Any CPU.ActiveCfg = Debug|Any CPU
		{A02E2FDC-C457-4F7E-9CCF-F79D9ED3E21C}.Debug|Any CPU.Build.0 = Debug|Any CPU
		{A02E2FDC-C457-4F7E-9CCF-F79D9ED3E21C}.Release|Any CPU.ActiveCfg = Release|Any CPU
		{A02E2FDC-C457-4F7E-9CCF-F79D9ED3E21C}.Release|Any CPU.Build.0 = Release|Any CPU
	EndGlobalSection
	GlobalSection(SolutionProperties) = preSolution
		HideSolutionNode = FALSE
	EndGlobalSection
	GlobalSection(ExtensibilityGlobals) = postSolution
		SolutionGuid = {E103AFF8-9190-4167-8B8E-C8EDE8AB6A69}
	EndGlobalSection
EndGlobal
